{
  "version": 4,
  "terraform_version": "1.11.3",
  "serial": 1,
  "lineage": "ba065ef5-1e5f-a516-b242-1796d07e162a",
  "outputs": {
    "local_file_content": {
      "value": "This is the local environment file.",
      "type": "string"
    }
  },
  "resources": [
    {
      "module": "module.file_writer",
      "mode": "managed",
      "type": "local_file",
      "name": "example",
      "provider": "provider[\"registry.terraform.io/hashicorp/local\"]",
      "instances": [
        {
          "schema_version": 0,
          "attributes": {
            "content": "This is the local environment file.",
            "content_base64": null,
            "content_base64sha256": "RxNUY7vUQJ1txhM21sUTgbXX0/9n1IyVnCUOkBo9haI=",
            "content_base64sha512": "rcHZoSGSKXZKRJ6KQVN94AGqstXOotAqy0f4RuTpaFyhMKsuB621ix6GwwwKEZd1kX1LP3/LeAvrD1/QkMGxgw==",
            "content_md5": "6679accf3bc90da44a9a78f47506d172",
            "content_sha1": "88eda1f6752a6c0c1e7fcf2cb762f48e987e0838",
            "content_sha256": "47135463bbd4409d6dc61336d6c51381b5d7d3ff67d48c959c250e901a3d85a2",
            "content_sha512": "adc1d9a1219229764a449e8a41537de001aab2d5cea2d02acb47f846e4e9685ca130ab2e07adb58b1e86c30c0a119775917d4b3f7fcb780beb0f5fd090c1b183",
            "directory_permission": "0777",
            "file_permission": "0644",
            "filename": "local.txt",
            "id": "88eda1f6752a6c0c1e7fcf2cb762f48e987e0838",
            "sensitive_content": null,
            "source": null
          },
          "sensitive_attributes": [
            [
              {
                "type": "get_attr",
                "value": "sensitive_content"
              }
            ]
          ]
        }
      ]
    }
  ],
  "check_results": null
}
